
Microsoft Visual Studio Solution File, Format Version 12.00
# Visual Studio 15
VisualStudioVersion = 15.0.26430.14
MinimumVisualStudioVersion = 10.0.40219.1
Project("{FAE04EC0-301F-11D3-BF4B-00C04F79EFBC}") = "GUI", "GUI\GUI.csproj", "{2ED8B2B1-DC0F-40ED-BED6-A039734818C9}"
EndProject
Project("{FAE04EC0-301F-11D3-BF4B-00C04F79EFBC}") = "Pwd Manager", "Pwd Manager\Pwd Manager.csproj", "{AFC04CCC-E489-4FAC-8432-DCFFE2CDE44D}"
EndProject
Project("{840C416C-B8F3-42BC-B0DD-F6BB14C9F8CB}") = "Setup", "Setup\Setup.aiproj", "{30281FBE-C931-4616-A6E0-B175AD632CD1}"
EndProject
Global
	GlobalSection(SolutionConfigurationPlatforms) = preSolution
		Debug|Any CPU = Debug|Any CPU
		DefaultBuild|Any CPU = DefaultBuild|Any CPU
		Release|Any CPU = Release|Any CPU
	EndGlobalSection
	GlobalSection(ProjectConfigurationPlatforms) = postSolution
		{2ED8B2B1-DC0F-40ED-BED6-A039734818C9}.Debug|Any CPU.ActiveCfg = Debug|Any CPU
		{2ED8B2B1-DC0F-40ED-BED6-A039734818C9}.Debug|Any CPU.Build.0 = Debug|Any CPU
		{2ED8B2B1-DC0F-40ED-BED6-A039734818C9}.DefaultBuild|Any CPU.ActiveCfg = Debug|Any CPU
		{2ED8B2B1-DC0F-40ED-BED6-A039734818C9}.DefaultBuild|Any CPU.Build.0 = Debug|Any CPU
		{2ED8B2B1-DC0F-40ED-BED6-A039734818C9}.Release|Any CPU.ActiveCfg = Release|Any CPU
		{2ED8B2B1-DC0F-40ED-BED6-A039734818C9}.Release|Any CPU.Build.0 = Release|Any CPU
		{AFC04CCC-E489-4FAC-8432-DCFFE2CDE44D}.Debug|Any CPU.ActiveCfg = Debug|Any CPU
		{AFC04CCC-E489-4FAC-8432-DCFFE2CDE44D}.Debug|Any CPU.Build.0 = Debug|Any CPU
		{AFC04CCC-E489-4FAC-8432-DCFFE2CDE44D}.DefaultBuild|Any CPU.ActiveCfg = Debug|Any CPU
		{AFC04CCC-E489-4FAC-8432-DCFFE2CDE44D}.DefaultBuild|Any CPU.Build.0 = Debug|Any CPU
		{AFC04CCC-E489-4FAC-8432-DCFFE2CDE44D}.Release|Any CPU.ActiveCfg = Release|Any CPU
		{AFC04CCC-E489-4FAC-8432-DCFFE2CDE44D}.Release|Any CPU.Build.0 = Release|Any CPU
		{30281FBE-C931-4616-A6E0-B175AD632CD1}.Debug|Any CPU.ActiveCfg = DefaultBuild
		{30281FBE-C931-4616-A6E0-B175AD632CD1}.Debug|Any CPU.Build.0 = DefaultBuild
		{30281FBE-C931-4616-A6E0-B175AD632CD1}.DefaultBuild|Any CPU.ActiveCfg = DefaultBuild
		{30281FBE-C931-4616-A6E0-B175AD632CD1}.DefaultBuild|Any CPU.Build.0 = DefaultBuild
		{30281FBE-C931-4616-A6E0-B175AD632CD1}.Release|Any CPU.ActiveCfg = DefaultBuild
		{30281FBE-C931-4616-A6E0-B175AD632CD1}.Release|Any CPU.Build.0 = DefaultBuild
	EndGlobalSection
	GlobalSection(SolutionProperties) = preSolution
		HideSolutionNode = FALSE
	EndGlobalSection
EndGlobal
